{"1.2.0",
[{<<"brotli">>,{pkg,<<"brotli">>,<<"0.3.2">>},2},
 {<<"castore">>,{pkg,<<"castore">>,<<"0.1.22">>},4},
 {<<"decimal">>,{pkg,<<"decimal">>,<<"1.9.0">>},2},
 {<<"eex">>,{ex,<<"eex">>,tag,<<"v1.17.3">>},1},
 {<<"elixir">>,{ex,<<"elixir">>,tag,<<"v1.17.3">>},1},
 {<<"elixir_full">>,{ex,<<"elixir_full">>,tag,<<"v1.17.3">>},0},
 {<<"ex_unit">>,{ex,<<"ex_unit">>,tag,<<"v1.17.3">>},1},
 {<<"ezstd">>,{pkg,<<"ezstd">>,<<"1.1.0">>},2},
 {<<"faster_xml">>,
  {git,"https://github.com/filmor/faster_xml.git",
       {ref,"a2f4856c4590f36184ffabb1157dc32d3599467a"}},
  0},
 {<<"finch">>,{pkg,<<"finch">>,<<"0.19.0">>},2},
 {<<"hpax">>,{pkg,<<"hpax">>,<<"0.1.2">>},4},
 {<<"iex">>,{ex,<<"iex">>,tag,<<"v1.17.3">>},1},
 {<<"jason">>,{pkg,<<"jason">>,<<"1.4.1">>},1},
 {<<"logger">>,{ex,<<"logger">>,tag,<<"v1.17.3">>},1},
 {<<"mime">>,{pkg,<<"mime">>,<<"2.0.6">>},2},
 {<<"mint">>,{pkg,<<"mint">>,<<"1.6.2">>},3},
 {<<"mix">>,{ex,<<"mix">>,tag,<<"v1.17.3">>},1},
 {<<"nimble_csv">>,{pkg,<<"nimble_csv">>,<<"1.2.0">>},2},
 {<<"nimble_options">>,{pkg,<<"nimble_options">>,<<"0.5.2">>},3},
 {<<"nimble_pool">>,{pkg,<<"nimble_pool">>,<<"1.1.0">>},3},
 {<<"plug">>,{pkg,<<"plug">>,<<"1.15.3">>},2},
 {<<"plug_crypto">>,{pkg,<<"plug_crypto">>,<<"1.1.2">>},3},
 {<<"req">>,{pkg,<<"req">>,<<"0.5.8">>},1},
 {<<"rustler">>,{pkg,<<"rustler">>,<<"0.35.1">>},0},
 {<<"telemetry">>,{pkg,<<"telemetry">>,<<"0.4.3">>},3},
 {<<"toml">>,{pkg,<<"toml">>,<<"0.7.0">>},1}]}.
[
{pkg_hash,[
 {<<"brotli">>, <<"59CF45A399098516F1D34F70D8E010E5C9BF326659D3EF34C7CC56793339002B">>},
 {<<"castore">>, <<"4127549E411BEDD012CA3A308DEDE574F43819FE9394254CA55AB4895ABFA1A2">>},
 {<<"decimal">>, <<"83E8DAF59631D632B171FAABAFB4A9F4242C514B0A06BA3DF493951C08F64D07">>},
 {<<"ezstd">>, <<"D3B483D6ACFADFB65DBA4015371E6D54526DBF3D9EF0941B5ADD8BF5890731F4">>},
 {<<"finch">>, <<"C644641491EA854FC5C1BBAEF36BFC764E3F08E7185E1F084E35E0672241B76D">>},
 {<<"hpax">>, <<"09A75600D9D8BBD064CDD741F21FC06FC1F4CF3D0FCC335E5AA19BE1A7235C84">>},
 {<<"jason">>, <<"AF1504E35F629DDCDD6ADDB3513C3853991F694921B1B9368B0BD32BEB9F1B63">>},
 {<<"mime">>, <<"8F18486773D9B15F95F4F4F1E39B710045FA1DE891FADA4516559967276E4DC2">>},
 {<<"mint">>, <<"AF6D97A4051EEE4F05B5500671D47C3A67DAC7386045D87A904126FD4BBCEA2E">>},
 {<<"nimble_csv">>, <<"4E26385D260C61EBA9D4412C71CEA34421F296D5353F914AFE3F2E71CCE97722">>},
 {<<"nimble_options">>, <<"42703307B924880F8C08D97719DA7472673391905F528259915782BB346E0A1B">>},
 {<<"nimble_pool">>, <<"BF9C29FBDCBA3564A8B800D1EEB5A3C58F36E1E11D7B7FB2E084A643F645F06B">>},
 {<<"plug">>, <<"712976F504418F6DFF0A3E554C40D705A9BCF89A7CCEF92FC6A5EF8F16A30A97">>},
 {<<"plug_crypto">>, <<"BDD187572CC26DBD95B87136290425F2B580A116D3FB1F564216918C9730D227">>},
 {<<"req">>, <<"50D8D65279D6E343A5E46980AC2A70E97136182950833A1968B371E753F6A662">>},
 {<<"rustler">>, <<"EC81961EF9EE833D721DAFB4449CAB29B16B969A3063A842BB9E3EA912F6B938">>},
 {<<"telemetry">>, <<"A06428A514BDBC63293CD9A6263AAD00DDEB66F608163BDEC7C8995784080818">>},
 {<<"toml">>, <<"FBCD773CAA937D0C7A02C301A1FEEA25612720AC3FA1CCB8BFD9D30D822911DE">>}]},
{pkg_hash_ext,[
 {<<"brotli">>, <<"9EC3EF9C753F80D0C657B4905193C55E5198F169FA1D1C044D8601D4D931A2AD">>},
 {<<"castore">>, <<"C17576DF47EB5AA1EE40CC4134316A99F5CAD3E215D5C77B8DD3CFEF12A22CAC">>},
 {<<"decimal">>, <<"B1F2343568EED6928F3E751CF2DFFDE95BFAA19DD95D09E8A9EA92CCFD6F7D85">>},
 {<<"ezstd">>, <<"28CFA0ED6CC3922095AD5BA0F23392A1664273358B17184BAA909868361184E7">>},
 {<<"finch">>, <<"FC5324CE209125D1E2FA0FCD2634601C52A787AFF1CD33EE833664A5AF4EA2B6">>},
 {<<"hpax">>, <<"2C87843D5A23F5F16748EBE77969880E29809580EFDACCD615CD3BED628A8C13">>},
 {<<"jason">>, <<"FBB01ECDFD565B56261302F7E1FCC27C4FB8F32D56EAB74DB621FC154604A7A1">>},
 {<<"mime">>, <<"C9945363A6B26D747389AAC3643F8E0E09D30499A138AD64FE8FD1D13D9B153E">>},
 {<<"mint">>, <<"5EE441DFFC1892F1AE59127F74AFE8FD82FDA6587794278D924E4D90EA3D63F9">>},
 {<<"nimble_csv">>, <<"D0628117FCC2148178B034044C55359B26966C6EAA8E2CE15777BE3BBC91B12A">>},
 {<<"nimble_options">>, <<"4DA7F904B915FD71DB549BCDC25F8D56F378EF7AE07DC1D372CBE72BA950DCE0">>},
 {<<"nimble_pool">>, <<"AF2E4E6B34197DB81F7AAD230C1118EAC993ACC0DAE6BC83BAC0126D4AE0813A">>},
 {<<"plug">>, <<"CC4365A3C010A56AF402E0809208873D113E9C38C401CABD88027EF4F5C01FD2">>},
 {<<"plug_crypto">>, <<"6B8B608F895B6FFCFAD49C37C7883E8DF98AE19C6A28113B02AA1E9C5B22D6B5">>},
 {<<"req">>, <<"D7FC5898A566477E174F26887821A3C5082B243885520EE4B45555F5D53F40EF">>},
 {<<"rustler">>, <<"3713B2E70E68EC2BFA8291DFD9CB811FE64A770F254CD9C331F8B34FA7989115">>},
 {<<"telemetry">>, <<"EB72B8365FFDA5BED68A620D1DA88525E326CB82A75EE61354FC24B844768041">>},
 {<<"toml">>, <<"0690246A2478C1DEFD100B0C9B89B4EA280A22BE9A7B313A8A058A2408A2FA70">>}]}
].
